
Microsoft Visual Studio Solution File, Format Version 12.00
# Visual Studio Version 17
VisualStudioVersion = 17.5.33516.290
MinimumVisualStudioVersion = 10.0.40219.1
Project("{9A19103F-16F7-4668-BE54-9A1E7A4F7556}") = "Questao_1", "Questao_1.csproj", "{A6E878BA-096D-48E6-99CA-E5A9340F4127}"
EndProject
Project("{FAE04EC0-301F-11D3-BF4B-00C04F79EFBC}") = "API_JSON", "..\API_JSON\API_JSON.csproj", "{149AC8B2-7BC6-4525-9AE1-F866A372A891}"
EndProject
Global
	GlobalSection(SolutionConfigurationPlatforms) = preSolution
		Debug|Any CPU = Debug|Any CPU
		Release|Any CPU = Release|Any CPU
	EndGlobalSection
	GlobalSection(ProjectConfigurationPlatforms) = postSolution
		{A6E878BA-096D-48E6-99CA-E5A9340F4127}.Debug|Any CPU.ActiveCfg = Debug|Any CPU
		{A6E878BA-096D-48E6-99CA-E5A9340F4127}.Debug|Any CPU.Build.0 = Debug|Any CPU
		{A6E878BA-096D-48E6-99CA-E5A9340F4127}.Release|Any CPU.ActiveCfg = Release|Any CPU
		{A6E878BA-096D-48E6-99CA-E5A9340F4127}.Release|Any CPU.Build.0 = Release|Any CPU
		{149AC8B2-7BC6-4525-9AE1-F866A372A891}.Debug|Any CPU.ActiveCfg = Debug|Any CPU
		{149AC8B2-7BC6-4525-9AE1-F866A372A891}.Debug|Any CPU.Build.0 = Debug|Any CPU
		{149AC8B2-7BC6-4525-9AE1-F866A372A891}.Release|Any CPU.ActiveCfg = Release|Any CPU
		{149AC8B2-7BC6-4525-9AE1-F866A372A891}.Release|Any CPU.Build.0 = Release|Any CPU
	EndGlobalSection
	GlobalSection(SolutionProperties) = preSolution
		HideSolutionNode = FALSE
	EndGlobalSection
	GlobalSection(ExtensibilityGlobals) = postSolution
		SolutionGuid = {FA4B9C61-6D6C-48C0-9C8C-C5A061102539}
	EndGlobalSection
EndGlobal
